
Microsoft Visual Studio Solution File, Format Version 12.00
# Visual Studio Version 17
VisualStudioVersion = 17.12.35707.178
MinimumVisualStudioVersion = 10.0.40219.1
Project("{FAE04EC0-301F-11D3-BF4B-00C04F79EFBC}") = "WebApi", "WebApi\WebApi.csproj", "{12340F36-4A21-4DB7-84C7-2321E0ED09B0}"
EndProject
Project("{FAE04EC0-301F-11D3-BF4B-00C04F79EFBC}") = "Mock", "Mock\Mock.csproj", "{3C55B55C-2CBB-4B43-AFDE-8E40677246A4}"
EndProject
Project("{FAE04EC0-301F-11D3-BF4B-00C04F79EFBC}") = "Repository", "Repository\Repository.csproj", "{295F9193-C316-4B45-8066-E9DD475CFEC9}"
EndProject
Global
	GlobalSection(SolutionConfigurationPlatforms) = preSolution
		Debug|Any CPU = Debug|Any CPU
		Release|Any CPU = Release|Any CPU
	EndGlobalSection
	GlobalSection(ProjectConfigurationPlatforms) = postSolution
		{12340F36-4A21-4DB7-84C7-2321E0ED09B0}.Debug|Any CPU.ActiveCfg = Debug|Any CPU
		{12340F36-4A21-4DB7-84C7-2321E0ED09B0}.Debug|Any CPU.Build.0 = Debug|Any CPU
		{12340F36-4A21-4DB7-84C7-2321E0ED09B0}.Release|Any CPU.ActiveCfg = Release|Any CPU
		{12340F36-4A21-4DB7-84C7-2321E0ED09B0}.Release|Any CPU.Build.0 = Release|Any CPU
		{3C55B55C-2CBB-4B43-AFDE-8E40677246A4}.Debug|Any CPU.ActiveCfg = Debug|Any CPU
		{3C55B55C-2CBB-4B43-AFDE-8E40677246A4}.Debug|Any CPU.Build.0 = Debug|Any CPU
		{3C55B55C-2CBB-4B43-AFDE-8E40677246A4}.Release|Any CPU.ActiveCfg = Release|Any CPU
		{3C55B55C-2CBB-4B43-AFDE-8E40677246A4}.Release|Any CPU.Build.0 = Release|Any CPU
		{295F9193-C316-4B45-8066-E9DD475CFEC9}.Debug|Any CPU.ActiveCfg = Debug|Any CPU
		{295F9193-C316-4B45-8066-E9DD475CFEC9}.Debug|Any CPU.Build.0 = Debug|Any CPU
		{295F9193-C316-4B45-8066-E9DD475CFEC9}.Release|Any CPU.ActiveCfg = Release|Any CPU
		{295F9193-C316-4B45-8066-E9DD475CFEC9}.Release|Any CPU.Build.0 = Release|Any CPU
	EndGlobalSection
	GlobalSection(SolutionProperties) = preSolution
		HideSolutionNode = FALSE
	EndGlobalSection
EndGlobal
